
Microsoft Visual Studio Solution File, Format Version 12.00
# Visual Studio Version 17
VisualStudioVersion = 17.0.31903.59
MinimumVisualStudioVersion = 10.0.40219.1
Project("{FAE04EC0-301F-11D3-BF4B-00C04F79EFBC}") = "Web", "Web\Web.csproj", "{72F8CA62-960E-4CB1-A5A8-4274F8C52883}"
EndProject
Project("{FAE04EC0-301F-11D3-BF4B-00C04F79EFBC}") = "Data", "Data\Data.csproj", "{2A996CA9-3C63-4F96-A64F-7D23409CA115}"
EndProject
Project("{FAE04EC0-301F-11D3-BF4B-00C04F79EFBC}") = "DataAccess", "DataAccess\DataAccess.csproj", "{9E842EE0-D049-47A8-90C8-C403436310E2}"
EndProject
Project("{FAE04EC0-301F-11D3-BF4B-00C04F79EFBC}") = "Business", "Business\Business.csproj", "{001A0448-AF60-4D9E-B8B1-70AA7EE8C40E}"
EndProject
Global
	GlobalSection(SolutionConfigurationPlatforms) = preSolution
		Debug|Any CPU = Debug|Any CPU
		Release|Any CPU = Release|Any CPU
	EndGlobalSection
	GlobalSection(ProjectConfigurationPlatforms) = postSolution
		{72F8CA62-960E-4CB1-A5A8-4274F8C52883}.Debug|Any CPU.ActiveCfg = Debug|Any CPU
		{72F8CA62-960E-4CB1-A5A8-4274F8C52883}.Debug|Any CPU.Build.0 = Debug|Any CPU
		{72F8CA62-960E-4CB1-A5A8-4274F8C52883}.Release|Any CPU.ActiveCfg = Release|Any CPU
		{72F8CA62-960E-4CB1-A5A8-4274F8C52883}.Release|Any CPU.Build.0 = Release|Any CPU
		{2A996CA9-3C63-4F96-A64F-7D23409CA115}.Debug|Any CPU.ActiveCfg = Debug|Any CPU
		{2A996CA9-3C63-4F96-A64F-7D23409CA115}.Debug|Any CPU.Build.0 = Debug|Any CPU
		{2A996CA9-3C63-4F96-A64F-7D23409CA115}.Release|Any CPU.ActiveCfg = Release|Any CPU
		{2A996CA9-3C63-4F96-A64F-7D23409CA115}.Release|Any CPU.Build.0 = Release|Any CPU
		{9E842EE0-D049-47A8-90C8-C403436310E2}.Debug|Any CPU.ActiveCfg = Debug|Any CPU
		{9E842EE0-D049-47A8-90C8-C403436310E2}.Debug|Any CPU.Build.0 = Debug|Any CPU
		{9E842EE0-D049-47A8-90C8-C403436310E2}.Release|Any CPU.ActiveCfg = Release|Any CPU
		{9E842EE0-D049-47A8-90C8-C403436310E2}.Release|Any CPU.Build.0 = Release|Any CPU
		{001A0448-AF60-4D9E-B8B1-70AA7EE8C40E}.Debug|Any CPU.ActiveCfg = Debug|Any CPU
		{001A0448-AF60-4D9E-B8B1-70AA7EE8C40E}.Debug|Any CPU.Build.0 = Debug|Any CPU
		{001A0448-AF60-4D9E-B8B1-70AA7EE8C40E}.Release|Any CPU.ActiveCfg = Release|Any CPU
		{001A0448-AF60-4D9E-B8B1-70AA7EE8C40E}.Release|Any CPU.Build.0 = Release|Any CPU
	EndGlobalSection
	GlobalSection(SolutionProperties) = preSolution
		HideSolutionNode = FALSE
	EndGlobalSection
	GlobalSection(ExtensibilityGlobals) = postSolution
		SolutionGuid = {0D0FCD37-A19D-41A7-B80F-A55794F8A732}
	EndGlobalSection
EndGlobal
